
Microsoft Visual Studio Solution File, Format Version 12.00
# Visual Studio Version 17
VisualStudioVersion = 17.0.31912.275
MinimumVisualStudioVersion = 10.0.40219.1
Project("{FAE04EC0-301F-11D3-BF4B-00C04F79EFBC}") = "Lesson_3", "Lesson_3\Lesson_3.csproj", "{C930DFE2-FF42-43D0-8E65-F78AB09BB57A}"
EndProject
Global
	GlobalSection(SolutionConfigurationPlatforms) = preSolution
		Debug|Any CPU = Debug|Any CPU
		Release|Any CPU = Release|Any CPU
	EndGlobalSection
	GlobalSection(ProjectConfigurationPlatforms) = postSolution
		{C930DFE2-FF42-43D0-8E65-F78AB09BB57A}.Debug|Any CPU.ActiveCfg = Debug|Any CPU
		{C930DFE2-FF42-43D0-8E65-F78AB09BB57A}.Debug|Any CPU.Build.0 = Debug|Any CPU
		{C930DFE2-FF42-43D0-8E65-F78AB09BB57A}.Release|Any CPU.ActiveCfg = Release|Any CPU
		{C930DFE2-FF42-43D0-8E65-F78AB09BB57A}.Release|Any CPU.Build.0 = Release|Any CPU
	EndGlobalSection
	GlobalSection(SolutionProperties) = preSolution
		HideSolutionNode = FALSE
	EndGlobalSection
	GlobalSection(ExtensibilityGlobals) = postSolution
		SolutionGuid = {0958661F-DB24-4A5A-B26C-F4883B1D19D4}
	EndGlobalSection
EndGlobal
